
Microsoft Visual Studio Solution File, Format Version 12.00
# Visual Studio Version 16
VisualStudioVersion = 16.0.31624.102
MinimumVisualStudioVersion = 10.0.40219.1
Project("{FAE04EC0-301F-11D3-BF4B-00C04F79EFBC}") = "OOPS", "OOPS.csproj", "{11EA92B1-6419-48C6-87EA-14DCB22AE755}"
EndProject
Global
	GlobalSection(SolutionConfigurationPlatforms) = preSolution
		Debug|Any CPU = Debug|Any CPU
		Release|Any CPU = Release|Any CPU
	EndGlobalSection
	GlobalSection(ProjectConfigurationPlatforms) = postSolution
		{11EA92B1-6419-48C6-87EA-14DCB22AE755}.Debug|Any CPU.ActiveCfg = Debug|Any CPU
		{11EA92B1-6419-48C6-87EA-14DCB22AE755}.Debug|Any CPU.Build.0 = Debug|Any CPU
		{11EA92B1-6419-48C6-87EA-14DCB22AE755}.Release|Any CPU.ActiveCfg = Release|Any CPU
		{11EA92B1-6419-48C6-87EA-14DCB22AE755}.Release|Any CPU.Build.0 = Release|Any CPU
	EndGlobalSection
	GlobalSection(SolutionProperties) = preSolution
		HideSolutionNode = FALSE
	EndGlobalSection
	GlobalSection(ExtensibilityGlobals) = postSolution
		SolutionGuid = {75AE767A-00D2-4A26-B491-2CB477431594}
	EndGlobalSection
EndGlobal
